// !$*UTF8*$!
{
	archiveVersion = 1;
	classes = {
	};
	objectVersion = 56;
	objects = {

/* Begin PBXBuildFile section */
		29005BC53AC1F5478D6E9080 /* Pods_Instagram.framework in Frameworks */ = {isa = PBXBuildFile; fileRef = F093FAF70471BF97C099DC6D /* Pods_Instagram.framework */; };
		A5089AD62999598D000FCD82 /* GoogleService-Info.plist in Resources */ = {isa = PBXBuildFile; fileRef = A5089AD52999598D000FCD82 /* GoogleService-Info.plist */; };
		A5089AD9299964E7000FCD82 /* DatabaseManager.swift in Sources */ = {isa = PBXBuildFile; fileRef = A5089AD8299964E7000FCD82 /* DatabaseManager.swift */; };
		A5089ADB299966A2000FCD82 /* AuthManager.swift in Sources */ = {isa = PBXBuildFile; fileRef = A5089ADA299966A2000FCD82 /* AuthManager.swift */; };
		A5089ADD29996701000FCD82 /* StorageManager.swift in Sources */ = {isa = PBXBuildFile; fileRef = A5089ADC29996701000FCD82 /* StorageManager.swift */; };
		A58DFD732996DACF0091FA0B /* AppDelegate.swift in Sources */ = {isa = PBXBuildFile; fileRef = A58DFD722996DACF0091FA0B /* AppDelegate.swift */; };
		A58DFD752996DACF0091FA0B /* SceneDelegate.swift in Sources */ = {isa = PBXBuildFile; fileRef = A58DFD742996DACF0091FA0B /* SceneDelegate.swift */; };
		A58DFD772996DACF0091FA0B /* HomeViewController.swift in Sources */ = {isa = PBXBuildFile; fileRef = A58DFD762996DACF0091FA0B /* HomeViewController.swift */; };
		A58DFD7A2996DACF0091FA0B /* Main.storyboard in Resources */ = {isa = PBXBuildFile; fileRef = A58DFD782996DACF0091FA0B /* Main.storyboard */; };
		A58DFD7C2996DAD00091FA0B /* Assets.xcassets in Resources */ = {isa = PBXBuildFile; fileRef = A58DFD7B2996DAD00091FA0B /* Assets.xcassets */; };
		A58DFD7F2996DAD00091FA0B /* LaunchScreen.storyboard in Resources */ = {isa = PBXBuildFile; fileRef = A58DFD7D2996DAD00091FA0B /* LaunchScreen.storyboard */; };
		A58DFD8C2996DDBA0091FA0B /* ExploreViewController.swift in Sources */ = {isa = PBXBuildFile; fileRef = A58DFD8B2996DDBA0091FA0B /* ExploreViewController.swift */; };
		A58DFD8E2996DDF40091FA0B /* CameraViewController.swift in Sources */ = {isa = PBXBuildFile; fileRef = A58DFD8D2996DDF40091FA0B /* CameraViewController.swift */; };
		A58DFD902996DE0C0091FA0B /* NotificationsViewController.swift in Sources */ = {isa = PBXBuildFile; fileRef = A58DFD8F2996DE0C0091FA0B /* NotificationsViewController.swift */; };
		A58DFD922996DE2B0091FA0B /* ProfileViewController.swift in Sources */ = {isa = PBXBuildFile; fileRef = A58DFD912996DE2B0091FA0B /* ProfileViewController.swift */; };
		A58DFD972996DEC90091FA0B /* LoginViewController.swift in Sources */ = {isa = PBXBuildFile; fileRef = A58DFD962996DEC90091FA0B /* LoginViewController.swift */; };
		A58DFD992996DEF50091FA0B /* RegistrationViewController.swift in Sources */ = {isa = PBXBuildFile; fileRef = A58DFD982996DEF50091FA0B /* RegistrationViewController.swift */; };
		A58DFD9B2996DF460091FA0B /* PostViewController.swift in Sources */ = {isa = PBXBuildFile; fileRef = A58DFD9A2996DF460091FA0B /* PostViewController.swift */; };
		A58DFD9D2996DF530091FA0B /* EditProfileViewController.swift in Sources */ = {isa = PBXBuildFile; fileRef = A58DFD9C2996DF530091FA0B /* EditProfileViewController.swift */; };
		A58DFD9F2996DF5F0091FA0B /* SettingViewController.swift in Sources */ = {isa = PBXBuildFile; fileRef = A58DFD9E2996DF5F0091FA0B /* SettingViewController.swift */; };
		A58DFDA12996DF8C0091FA0B /* ListViewController.swift in Sources */ = {isa = PBXBuildFile; fileRef = A58DFDA02996DF8C0091FA0B /* ListViewController.swift */; };
		A58DFDA32996DF960091FA0B /* SearchViewController.swift in Sources */ = {isa = PBXBuildFile; fileRef = A58DFDA22996DF960091FA0B /* SearchViewController.swift */; };
		A58DFDA52996DFB00091FA0B /* SearchResultViewController.swift in Sources */ = {isa = PBXBuildFile; fileRef = A58DFDA42996DFB00091FA0B /* SearchResultViewController.swift */; };
		A58DFDA72996DFE60091FA0B /* PostEditorViewController.swift in Sources */ = {isa = PBXBuildFile; fileRef = A58DFDA62996DFE60091FA0B /* PostEditorViewController.swift */; };
		A58DFDA92996E0080091FA0B /* PublishPostViewController.swift in Sources */ = {isa = PBXBuildFile; fileRef = A58DFDA82996E0080091FA0B /* PublishPostViewController.swift */; };
/* End PBXBuildFile section */

/* Begin PBXFileReference section */
		85306CAB10ACD527867FBC0F /* Pods-Instagram.debug.xcconfig */ = {isa = PBXFileReference; includeInIndex = 1; lastKnownFileType = text.xcconfig; name = "Pods-Instagram.debug.xcconfig"; path = "Target Support Files/Pods-Instagram/Pods-Instagram.debug.xcconfig"; sourceTree = "<group>"; };
		A5089AD52999598D000FCD82 /* GoogleService-Info.plist */ = {isa = PBXFileReference; fileEncoding = 4; lastKnownFileType = text.plist.xml; path = "GoogleService-Info.plist"; sourceTree = "<group>"; };
		A5089AD8299964E7000FCD82 /* DatabaseManager.swift */ = {isa = PBXFileReference; lastKnownFileType = sourcecode.swift; path = DatabaseManager.swift; sourceTree = "<group>"; };
		A5089ADA299966A2000FCD82 /* AuthManager.swift */ = {isa = PBXFileReference; lastKnownFileType = sourcecode.swift; path = AuthManager.swift; sourceTree = "<group>"; };
		A5089ADC29996701000FCD82 /* StorageManager.swift */ = {isa = PBXFileReference; lastKnownFileType = sourcecode.swift; path = StorageManager.swift; sourceTree = "<group>"; };
		A58DFD6F2996DACF0091FA0B /* Instagram.app */ = {isa = PBXFileReference; explicitFileType = wrapper.application; includeInIndex = 0; path = Instagram.app; sourceTree = BUILT_PRODUCTS_DIR; };
		A58DFD722996DACF0091FA0B /* AppDelegate.swift */ = {isa = PBXFileReference; lastKnownFileType = sourcecode.swift; path = AppDelegate.swift; sourceTree = "<group>"; };
		A58DFD742996DACF0091FA0B /* SceneDelegate.swift */ = {isa = PBXFileReference; lastKnownFileType = sourcecode.swift; path = SceneDelegate.swift; sourceTree = "<group>"; };
		A58DFD762996DACF0091FA0B /* HomeViewController.swift */ = {isa = PBXFileReference; lastKnownFileType = sourcecode.swift; path = HomeViewController.swift; sourceTree = "<group>"; };
		A58DFD792996DACF0091FA0B /* Base */ = {isa = PBXFileReference; lastKnownFileType = file.storyboard; name = Base; path = Base.lproj/Main.storyboard; sourceTree = "<group>"; };
		A58DFD7B2996DAD00091FA0B /* Assets.xcassets */ = {isa = PBXFileReference; lastKnownFileType = folder.assetcatalog; path = Assets.xcassets; sourceTree = "<group>"; };
		A58DFD7E2996DAD00091FA0B /* Base */ = {isa = PBXFileReference; lastKnownFileType = file.storyboard; name = Base; path = Base.lproj/LaunchScreen.storyboard; sourceTree = "<group>"; };
		A58DFD802996DAD00091FA0B /* Info.plist */ = {isa = PBXFileReference; lastKnownFileType = text.plist.xml; path = Info.plist; sourceTree = "<group>"; };
		A58DFD8B2996DDBA0091FA0B /* ExploreViewController.swift */ = {isa = PBXFileReference; lastKnownFileType = sourcecode.swift; path = ExploreViewController.swift; sourceTree = "<group>"; };
		A58DFD8D2996DDF40091FA0B /* CameraViewController.swift */ = {isa = PBXFileReference; lastKnownFileType = sourcecode.swift; path = CameraViewController.swift; sourceTree = "<group>"; };
		A58DFD8F2996DE0C0091FA0B /* NotificationsViewController.swift */ = {isa = PBXFileReference; lastKnownFileType = sourcecode.swift; path = NotificationsViewController.swift; sourceTree = "<group>"; };
		A58DFD912996DE2B0091FA0B /* ProfileViewController.swift */ = {isa = PBXFileReference; lastKnownFileType = sourcecode.swift; path = ProfileViewController.swift; sourceTree = "<group>"; };
		A58DFD962996DEC90091FA0B /* LoginViewController.swift */ = {isa = PBXFileReference; lastKnownFileType = sourcecode.swift; path = LoginViewController.swift; sourceTree = "<group>"; };
		A58DFD982996DEF50091FA0B /* RegistrationViewController.swift */ = {isa = PBXFileReference; lastKnownFileType = sourcecode.swift; path = RegistrationViewController.swift; sourceTree = "<group>"; };
		A58DFD9A2996DF460091FA0B /* PostViewController.swift */ = {isa = PBXFileReference; lastKnownFileType = sourcecode.swift; path = PostViewController.swift; sourceTree = "<group>"; };
		A58DFD9C2996DF530091FA0B /* EditProfileViewController.swift */ = {isa = PBXFileReference; lastKnownFileType = sourcecode.swift; path = EditProfileViewController.swift; sourceTree = "<group>"; };
		A58DFD9E2996DF5F0091FA0B /* SettingViewController.swift */ = {isa = PBXFileReference; lastKnownFileType = sourcecode.swift; path = SettingViewController.swift; sourceTree = "<group>"; };
		A58DFDA02996DF8C0091FA0B /* ListViewController.swift */ = {isa = PBXFileReference; lastKnownFileType = sourcecode.swift; path = ListViewController.swift; sourceTree = "<group>"; };
		A58DFDA22996DF960091FA0B /* SearchViewController.swift */ = {isa = PBXFileReference; lastKnownFileType = sourcecode.swift; path = SearchViewController.swift; sourceTree = "<group>"; };
		A58DFDA42996DFB00091FA0B /* SearchResultViewController.swift */ = {isa = PBXFileReference; lastKnownFileType = sourcecode.swift; path = SearchResultViewController.swift; sourceTree = "<group>"; };
		A58DFDA62996DFE60091FA0B /* PostEditorViewController.swift */ = {isa = PBXFileReference; lastKnownFileType = sourcecode.swift; path = PostEditorViewController.swift; sourceTree = "<group>"; };
		A58DFDA82996E0080091FA0B /* PublishPostViewController.swift */ = {isa = PBXFileReference; lastKnownFileType = sourcecode.swift; path = PublishPostViewController.swift; sourceTree = "<group>"; };
		D9C0087CEDB3AE7A456EEB32 /* Pods-Instagram.release.xcconfig */ = {isa = PBXFileReference; includeInIndex = 1; lastKnownFileType = text.xcconfig; name = "Pods-Instagram.release.xcconfig"; path = "Target Support Files/Pods-Instagram/Pods-Instagram.release.xcconfig"; sourceTree = "<group>"; };
		F093FAF70471BF97C099DC6D /* Pods_Instagram.framework */ = {isa = PBXFileReference; explicitFileType = wrapper.framework; includeInIndex = 0; path = Pods_Instagram.framework; sourceTree = BUILT_PRODUCTS_DIR; };
/* End PBXFileReference section */

/* Begin PBXFrameworksBuildPhase section */
		A58DFD6C2996DACF0091FA0B /* Frameworks */ = {
			isa = PBXFrameworksBuildPhase;
			buildActionMask = 2147483647;
			files = (
				29005BC53AC1F5478D6E9080 /* Pods_Instagram.framework in Frameworks */,
			);
			runOnlyForDeploymentPostprocessing = 0;
		};
/* End PBXFrameworksBuildPhase section */

/* Begin PBXGroup section */
		7CBDE3E45FC5C4D9C06B0888 /* Pods */ = {
			isa = PBXGroup;
			children = (
				85306CAB10ACD527867FBC0F /* Pods-Instagram.debug.xcconfig */,
				D9C0087CEDB3AE7A456EEB32 /* Pods-Instagram.release.xcconfig */,
			);
			path = Pods;
			sourceTree = "<group>";
		};
		A5089AD72999636D000FCD82 /* General */ = {
			isa = PBXGroup;
			children = (
				A58DFD9A2996DF460091FA0B /* PostViewController.swift */,
				A58DFD9C2996DF530091FA0B /* EditProfileViewController.swift */,
				A58DFD9E2996DF5F0091FA0B /* SettingViewController.swift */,
				A58DFDA02996DF8C0091FA0B /* ListViewController.swift */,
				A58DFDA22996DF960091FA0B /* SearchViewController.swift */,
				A58DFDA42996DFB00091FA0B /* SearchResultViewController.swift */,
				A58DFDA62996DFE60091FA0B /* PostEditorViewController.swift */,
				A58DFDA82996E0080091FA0B /* PublishPostViewController.swift */,
			);
			path = General;
			sourceTree = "<group>";
		};
		A58DFD662996DACF0091FA0B = {
			isa = PBXGroup;
			children = (
				A58DFD712996DACF0091FA0B /* Instagram */,
				A58DFD702996DACF0091FA0B /* Products */,
				7CBDE3E45FC5C4D9C06B0888 /* Pods */,
				FE871B531A1F1D7E8072233E /* Frameworks */,
			);
			sourceTree = "<group>";
		};
		A58DFD702996DACF0091FA0B /* Products */ = {
			isa = PBXGroup;
			children = (
				A58DFD6F2996DACF0091FA0B /* Instagram.app */,
			);
			name = Products;
			sourceTree = "<group>";
		};
		A58DFD712996DACF0091FA0B /* Instagram */ = {
			isa = PBXGroup;
			children = (
				A58DFD892996DC960091FA0B /* Resources */,
				A58DFD882996DC8E0091FA0B /* Models */,
				A58DFD872996DC750091FA0B /* Views */,
				A58DFD862996DC670091FA0B /* Controller */,
				A58DFD802996DAD00091FA0B /* Info.plist */,
			);
			path = Instagram;
			sourceTree = "<group>";
		};
		A58DFD862996DC670091FA0B /* Controller */ = {
			isa = PBXGroup;
			children = (
				A58DFD942996DE980091FA0B /* Other */,
				A58DFD932996DE6A0091FA0B /* Core Tabs */,
			);
			path = Controller;
			sourceTree = "<group>";
		};
		A58DFD872996DC750091FA0B /* Views */ = {
			isa = PBXGroup;
			children = (
				A58DFD8A2996DCF20091FA0B /* Storyboards */,
				A58DFD7B2996DAD00091FA0B /* Assets.xcassets */,
			);
			path = Views;
			sourceTree = "<group>";
		};
		A58DFD882996DC8E0091FA0B /* Models */ = {
			isa = PBXGroup;
			children = (
			);
			path = Models;
			sourceTree = "<group>";
		};
		A58DFD892996DC960091FA0B /* Resources */ = {
			isa = PBXGroup;
			children = (
				A5089AD52999598D000FCD82 /* GoogleService-Info.plist */,
				A58DFD722996DACF0091FA0B /* AppDelegate.swift */,
				A58DFD742996DACF0091FA0B /* SceneDelegate.swift */,
				A5089AD8299964E7000FCD82 /* DatabaseManager.swift */,
				A5089ADA299966A2000FCD82 /* AuthManager.swift */,
				A5089ADC29996701000FCD82 /* StorageManager.swift */,
			);
			path = Resources;
			sourceTree = "<group>";
		};
		A58DFD8A2996DCF20091FA0B /* Storyboards */ = {
			isa = PBXGroup;
			children = (
				A58DFD7D2996DAD00091FA0B /* LaunchScreen.storyboard */,
				A58DFD782996DACF0091FA0B /* Main.storyboard */,
			);
			path = Storyboards;
			sourceTree = "<group>";
		};
		A58DFD932996DE6A0091FA0B /* Core Tabs */ = {
			isa = PBXGroup;
			children = (
				A58DFD762996DACF0091FA0B /* HomeViewController.swift */,
				A58DFD8B2996DDBA0091FA0B /* ExploreViewController.swift */,
				A58DFD8D2996DDF40091FA0B /* CameraViewController.swift */,
				A58DFD8F2996DE0C0091FA0B /* NotificationsViewController.swift */,
				A58DFD912996DE2B0091FA0B /* ProfileViewController.swift */,
			);
			path = "Core Tabs";
			sourceTree = "<group>";
		};
		A58DFD942996DE980091FA0B /* Other */ = {
			isa = PBXGroup;
			children = (
				A58DFD952996DEA00091FA0B /* Onboarding */,
				A5089AD72999636D000FCD82 /* General */,
			);
			path = Other;
			sourceTree = "<group>";
		};
		A58DFD952996DEA00091FA0B /* Onboarding */ = {
			isa = PBXGroup;
			children = (
				A58DFD962996DEC90091FA0B /* LoginViewController.swift */,
				A58DFD982996DEF50091FA0B /* RegistrationViewController.swift */,
			);
			path = Onboarding;
			sourceTree = "<group>";
		};
		FE871B531A1F1D7E8072233E /* Frameworks */ = {
			isa = PBXGroup;
			children = (
				F093FAF70471BF97C099DC6D /* Pods_Instagram.framework */,
			);
			name = Frameworks;
			sourceTree = "<group>";
		};
/* End PBXGroup section */

/* Begin PBXNativeTarget section */
		A58DFD6E2996DACF0091FA0B /* Instagram */ = {
			isa = PBXNativeTarget;
			buildConfigurationList = A58DFD832996DAD00091FA0B /* Build configuration list for PBXNativeTarget "Instagram" */;
			buildPhases = (
				8ED8D88BC61F65E1441E18F1 /* [CP] Check Pods Manifest.lock */,
				A58DFD6B2996DACF0091FA0B /* Sources */,
				A58DFD6C2996DACF0091FA0B /* Frameworks */,
				A58DFD6D2996DACF0091FA0B /* Resources */,
				5D8A7A31E5158C47E6D67770 /* [CP] Embed Pods Frameworks */,
			);
			buildRules = (
			);
			dependencies = (
			);
			name = Instagram;
			productName = Instagram;
			productReference = A58DFD6F2996DACF0091FA0B /* Instagram.app */;
			productType = "com.apple.product-type.application";
		};
/* End PBXNativeTarget section */

/* Begin PBXProject section */
		A58DFD672996DACF0091FA0B /* Project object */ = {
			isa = PBXProject;
			attributes = {
				BuildIndependentTargetsInParallel = 1;
				LastSwiftUpdateCheck = 1400;
				LastUpgradeCheck = 1400;
				TargetAttributes = {
					A58DFD6E2996DACF0091FA0B = {
						CreatedOnToolsVersion = 14.0.1;
					};
				};
			};
			buildConfigurationList = A58DFD6A2996DACF0091FA0B /* Build configuration list for PBXProject "Instagram" */;
			compatibilityVersion = "Xcode 14.0";
			developmentRegion = en;
			hasScannedForEncodings = 0;
			knownRegions = (
				en,
				Base,
			);
			mainGroup = A58DFD662996DACF0091FA0B;
			productRefGroup = A58DFD702996DACF0091FA0B /* Products */;
			projectDirPath = "";
			projectRoot = "";
			targets = (
				A58DFD6E2996DACF0091FA0B /* Instagram */,
			);
		};
/* End PBXProject section */

/* Begin PBXResourcesBuildPhase section */
		A58DFD6D2996DACF0091FA0B /* Resources */ = {
			isa = PBXResourcesBuildPhase;
			buildActionMask = 2147483647;
			files = (
				A58DFD7F2996DAD00091FA0B /* LaunchScreen.storyboard in Resources */,
				A5089AD62999598D000FCD82 /* GoogleService-Info.plist in Resources */,
				A58DFD7C2996DAD00091FA0B /* Assets.xcassets in Resources */,
				A58DFD7A2996DACF0091FA0B /* Main.storyboard in Resources */,
			);
			runOnlyForDeploymentPostprocessing = 0;
		};
/* End PBXResourcesBuildPhase section */

/* Begin PBXShellScriptBuildPhase section */
		5D8A7A31E5158C47E6D67770 /* [CP] Embed Pods Frameworks */ = {
			isa = PBXShellScriptBuildPhase;
			buildActionMask = 2147483647;
			files = (
			);
			inputFileListPaths = (
				"${PODS_ROOT}/Target Support Files/Pods-Instagram/Pods-Instagram-frameworks-${CONFIGURATION}-input-files.xcfilelist",
			);
			name = "[CP] Embed Pods Frameworks";
			outputFileListPaths = (
				"${PODS_ROOT}/Target Support Files/Pods-Instagram/Pods-Instagram-frameworks-${CONFIGURATION}-output-files.xcfilelist",
			);
			runOnlyForDeploymentPostprocessing = 0;
			shellPath = /bin/sh;
			shellScript = "\"${PODS_ROOT}/Target Support Files/Pods-Instagram/Pods-Instagram-frameworks.sh\"\n";
			showEnvVarsInLog = 0;
		};
		8ED8D88BC61F65E1441E18F1 /* [CP] Check Pods Manifest.lock */ = {
			isa = PBXShellScriptBuildPhase;
			buildActionMask = 2147483647;
			files = (
			);
			inputFileListPaths = (
			);
			inputPaths = (
				"${PODS_PODFILE_DIR_PATH}/Podfile.lock",
				"${PODS_ROOT}/Manifest.lock",
			);
			name = "[CP] Check Pods Manifest.lock";
			outputFileListPaths = (
			);
			outputPaths = (
				"$(DERIVED_FILE_DIR)/Pods-Instagram-checkManifestLockResult.txt",
			);
			runOnlyForDeploymentPostprocessing = 0;
			shellPath = /bin/sh;
			shellScript = "diff \"${PODS_PODFILE_DIR_PATH}/Podfile.lock\" \"${PODS_ROOT}/Manifest.lock\" > /dev/null\nif [ $? != 0 ] ; then\n    # print error to STDERR\n    echo \"error: The sandbox is not in sync with the Podfile.lock. Run 'pod install' or update your CocoaPods installation.\" >&2\n    exit 1\nfi\n# This output is used by Xcode 'outputs' to avoid re-running this script phase.\necho \"SUCCESS\" > \"${SCRIPT_OUTPUT_FILE_0}\"\n";
			showEnvVarsInLog = 0;
		};
/* End PBXShellScriptBuildPhase section */

/* Begin PBXSourcesBuildPhase section */
		A58DFD6B2996DACF0091FA0B /* Sources */ = {
			isa = PBXSourcesBuildPhase;
			buildActionMask = 2147483647;
			files = (
				A58DFD9D2996DF530091FA0B /* EditProfileViewController.swift in Sources */,
				A58DFD8C2996DDBA0091FA0B /* ExploreViewController.swift in Sources */,
				A58DFDA92996E0080091FA0B /* PublishPostViewController.swift in Sources */,
				A58DFD8E2996DDF40091FA0B /* CameraViewController.swift in Sources */,
				A58DFD772996DACF0091FA0B /* HomeViewController.swift in Sources */,
				A58DFD992996DEF50091FA0B /* RegistrationViewController.swift in Sources */,
				A58DFDA72996DFE60091FA0B /* PostEditorViewController.swift in Sources */,
				A5089ADD29996701000FCD82 /* StorageManager.swift in Sources */,
				A58DFD9B2996DF460091FA0B /* PostViewController.swift in Sources */,
				A5089AD9299964E7000FCD82 /* DatabaseManager.swift in Sources */,
				A58DFD902996DE0C0091FA0B /* NotificationsViewController.swift in Sources */,
				A58DFDA52996DFB00091FA0B /* SearchResultViewController.swift in Sources */,
				A58DFD972996DEC90091FA0B /* LoginViewController.swift in Sources */,
				A58DFDA32996DF960091FA0B /* SearchViewController.swift in Sources */,
				A58DFD922996DE2B0091FA0B /* ProfileViewController.swift in Sources */,
				A5089ADB299966A2000FCD82 /* AuthManager.swift in Sources */,
				A58DFD732996DACF0091FA0B /* AppDelegate.swift in Sources */,
				A58DFD752996DACF0091FA0B /* SceneDelegate.swift in Sources */,
				A58DFDA12996DF8C0091FA0B /* ListViewController.swift in Sources */,
				A58DFD9F2996DF5F0091FA0B /* SettingViewController.swift in Sources */,
			);
			runOnlyForDeploymentPostprocessing = 0;
		};
/* End PBXSourcesBuildPhase section */

/* Begin PBXVariantGroup section */
		A58DFD782996DACF0091FA0B /* Main.storyboard */ = {
			isa = PBXVariantGroup;
			children = (
				A58DFD792996DACF0091FA0B /* Base */,
			);
			name = Main.storyboard;
			sourceTree = "<group>";
		};
		A58DFD7D2996DAD00091FA0B /* LaunchScreen.storyboard */ = {
			isa = PBXVariantGroup;
			children = (
				A58DFD7E2996DAD00091FA0B /* Base */,
			);
			name = LaunchScreen.storyboard;
			sourceTree = "<group>";
		};
/* End PBXVariantGroup section */

/* Begin XCBuildConfiguration section */
		A58DFD812996DAD00091FA0B /* Debug */ = {
			isa = XCBuildConfiguration;
			buildSettings = {
				ALWAYS_SEARCH_USER_PATHS = NO;
				CLANG_ANALYZER_NONNULL = YES;
				CLANG_ANALYZER_NUMBER_OBJECT_CONVERSION = YES_AGGRESSIVE;
				CLANG_CXX_LANGUAGE_STANDARD = "gnu++20";
				CLANG_ENABLE_MODULES = YES;
				CLANG_ENABLE_OBJC_ARC = YES;
				CLANG_ENABLE_OBJC_WEAK = YES;
				CLANG_WARN_BLOCK_CAPTURE_AUTORELEASING = YES;
				CLANG_WARN_BOOL_CONVERSION = YES;
				CLANG_WARN_COMMA = YES;
				CLANG_WARN_CONSTANT_CONVERSION = YES;
				CLANG_WARN_DEPRECATED_OBJC_IMPLEMENTATIONS = YES;
				CLANG_WARN_DIRECT_OBJC_ISA_USAGE = YES_ERROR;
				CLANG_WARN_DOCUMENTATION_COMMENTS = YES;
				CLANG_WARN_EMPTY_BODY = YES;
				CLANG_WARN_ENUM_CONVERSION = YES;
				CLANG_WARN_INFINITE_RECURSION = YES;
				CLANG_WARN_INT_CONVERSION = YES;
				CLANG_WARN_NON_LITERAL_NULL_CONVERSION = YES;
				CLANG_WARN_OBJC_IMPLICIT_RETAIN_SELF = YES;
				CLANG_WARN_OBJC_LITERAL_CONVERSION = YES;
				CLANG_WARN_OBJC_ROOT_CLASS = YES_ERROR;
				CLANG_WARN_QUOTED_INCLUDE_IN_FRAMEWORK_HEADER = YES;
				CLANG_WARN_RANGE_LOOP_ANALYSIS = YES;
				CLANG_WARN_STRICT_PROTOTYPES = YES;
				CLANG_WARN_SUSPICIOUS_MOVE = YES;
				CLANG_WARN_UNGUARDED_AVAILABILITY = YES_AGGRESSIVE;
				CLANG_WARN_UNREACHABLE_CODE = YES;
				CLANG_WARN__DUPLICATE_METHOD_MATCH = YES;
				COPY_PHASE_STRIP = NO;
				DEBUG_INFORMATION_FORMAT = dwarf;
				ENABLE_STRICT_OBJC_MSGSEND = YES;
				ENABLE_TESTABILITY = YES;
				GCC_C_LANGUAGE_STANDARD = gnu11;
				GCC_DYNAMIC_NO_PIC = NO;
				GCC_NO_COMMON_BLOCKS = YES;
				GCC_OPTIMIZATION_LEVEL = 0;
				GCC_PREPROCESSOR_DEFINITIONS = (
					"DEBUG=1",
					"$(inherited)",
				);
				GCC_WARN_64_TO_32_BIT_CONVERSION = YES;
				GCC_WARN_ABOUT_RETURN_TYPE = YES_ERROR;
				GCC_WARN_UNDECLARED_SELECTOR = YES;
				GCC_WARN_UNINITIALIZED_AUTOS = YES_AGGRESSIVE;
				GCC_WARN_UNUSED_FUNCTION = YES;
				GCC_WARN_UNUSED_VARIABLE = YES;
				IPHONEOS_DEPLOYMENT_TARGET = 16.0;
				MTL_ENABLE_DEBUG_INFO = INCLUDE_SOURCE;
				MTL_FAST_MATH = YES;
				ONLY_ACTIVE_ARCH = YES;
				SDKROOT = iphoneos;
				SWIFT_ACTIVE_COMPILATION_CONDITIONS = DEBUG;
				SWIFT_OPTIMIZATION_LEVEL = "-Onone";
			};
			name = Debug;
		};
		A58DFD822996DAD00091FA0B /* Release */ = {
			isa = XCBuildConfiguration;
			buildSettings = {
				ALWAYS_SEARCH_USER_PATHS = NO;
				CLANG_ANALYZER_NONNULL = YES;
				CLANG_ANALYZER_NUMBER_OBJECT_CONVERSION = YES_AGGRESSIVE;
				CLANG_CXX_LANGUAGE_STANDARD = "gnu++20";
				CLANG_ENABLE_MODULES = YES;
				CLANG_ENABLE_OBJC_ARC = YES;
				CLANG_ENABLE_OBJC_WEAK = YES;
				CLANG_WARN_BLOCK_CAPTURE_AUTORELEASING = YES;
				CLANG_WARN_BOOL_CONVERSION = YES;
				CLANG_WARN_COMMA = YES;
				CLANG_WARN_CONSTANT_CONVERSION = YES;
				CLANG_WARN_DEPRECATED_OBJC_IMPLEMENTATIONS = YES;
				CLANG_WARN_DIRECT_OBJC_ISA_USAGE = YES_ERROR;
				CLANG_WARN_DOCUMENTATION_COMMENTS = YES;
				CLANG_WARN_EMPTY_BODY = YES;
				CLANG_WARN_ENUM_CONVERSION = YES;
				CLANG_WARN_INFINITE_RECURSION = YES;
				CLANG_WARN_INT_CONVERSION = YES;
				CLANG_WARN_NON_LITERAL_NULL_CONVERSION = YES;
				CLANG_WARN_OBJC_IMPLICIT_RETAIN_SELF = YES;
				CLANG_WARN_OBJC_LITERAL_CONVERSION = YES;
				CLANG_WARN_OBJC_ROOT_CLASS = YES_ERROR;
				CLANG_WARN_QUOTED_INCLUDE_IN_FRAMEWORK_HEADER = YES;
				CLANG_WARN_RANGE_LOOP_ANALYSIS = YES;
				CLANG_WARN_STRICT_PROTOTYPES = YES;
				CLANG_WARN_SUSPICIOUS_MOVE = YES;
				CLANG_WARN_UNGUARDED_AVAILABILITY = YES_AGGRESSIVE;
				CLANG_WARN_UNREACHABLE_CODE = YES;
				CLANG_WARN__DUPLICATE_METHOD_MATCH = YES;
				COPY_PHASE_STRIP = NO;
				DEBUG_INFORMATION_FORMAT = "dwarf-with-dsym";
				ENABLE_NS_ASSERTIONS = NO;
				ENABLE_STRICT_OBJC_MSGSEND = YES;
				GCC_C_LANGUAGE_STANDARD = gnu11;
				GCC_NO_COMMON_BLOCKS = YES;
				GCC_WARN_64_TO_32_BIT_CONVERSION = YES;
				GCC_WARN_ABOUT_RETURN_TYPE = YES_ERROR;
				GCC_WARN_UNDECLARED_SELECTOR = YES;
				GCC_WARN_UNINITIALIZED_AUTOS = YES_AGGRESSIVE;
				GCC_WARN_UNUSED_FUNCTION = YES;
				GCC_WARN_UNUSED_VARIABLE = YES;
				IPHONEOS_DEPLOYMENT_TARGET = 16.0;
				MTL_ENABLE_DEBUG_INFO = NO;
				MTL_FAST_MATH = YES;
				SDKROOT = iphoneos;
				SWIFT_COMPILATION_MODE = wholemodule;
				SWIFT_OPTIMIZATION_LEVEL = "-O";
				VALIDATE_PRODUCT = YES;
			};
			name = Release;
		};
		A58DFD842996DAD00091FA0B /* Debug */ = {
			isa = XCBuildConfiguration;
			baseConfigurationReference = 85306CAB10ACD527867FBC0F /* Pods-Instagram.debug.xcconfig */;
			buildSettings = {
				ASSETCATALOG_COMPILER_APPICON_NAME = AppIcon;
				ASSETCATALOG_COMPILER_GLOBAL_ACCENT_COLOR_NAME = AccentColor;
				CODE_SIGN_STYLE = Automatic;
				CURRENT_PROJECT_VERSION = 1;
				DEVELOPMENT_TEAM = S7X959JCCA;
				GENERATE_INFOPLIST_FILE = YES;
				INFOPLIST_FILE = Instagram/Info.plist;
				INFOPLIST_KEY_UIApplicationSupportsIndirectInputEvents = YES;
				INFOPLIST_KEY_UILaunchStoryboardName = LaunchScreen;
				INFOPLIST_KEY_UIMainStoryboardFile = Main;
				INFOPLIST_KEY_UISupportedInterfaceOrientations_iPad = "UIInterfaceOrientationPortrait UIInterfaceOrientationPortraitUpsideDown UIInterfaceOrientationLandscapeLeft UIInterfaceOrientationLandscapeRight";
				INFOPLIST_KEY_UISupportedInterfaceOrientations_iPhone = "UIInterfaceOrientationPortrait UIInterfaceOrientationLandscapeLeft UIInterfaceOrientationLandscapeRight";
				LD_RUNPATH_SEARCH_PATHS = (
					"$(inherited)",
					"@executable_path/Frameworks",
				);
				MARKETING_VERSION = 1.0;
				PRODUCT_BUNDLE_IDENTIFIER = dilara.Instagram;
				PRODUCT_NAME = "$(TARGET_NAME)";
				SWIFT_EMIT_LOC_STRINGS = YES;
				SWIFT_VERSION = 5.0;
				TARGETED_DEVICE_FAMILY = "1,2";
			};
			name = Debug;
		};
		A58DFD852996DAD00091FA0B /* Release */ = {
			isa = XCBuildConfiguration;
			baseConfigurationReference = D9C0087CEDB3AE7A456EEB32 /* Pods-Instagram.release.xcconfig */;
			buildSettings = {
				ASSETCATALOG_COMPILER_APPICON_NAME = AppIcon;
				ASSETCATALOG_COMPILER_GLOBAL_ACCENT_COLOR_NAME = AccentColor;
				CODE_SIGN_STYLE = Automatic;
				CURRENT_PROJECT_VERSION = 1;
				DEVELOPMENT_TEAM = S7X959JCCA;
				GENERATE_INFOPLIST_FILE = YES;
				INFOPLIST_FILE = Instagram/Info.plist;
				INFOPLIST_KEY_UIApplicationSupportsIndirectInputEvents = YES;
				INFOPLIST_KEY_UILaunchStoryboardName = LaunchScreen;
				INFOPLIST_KEY_UIMainStoryboardFile = Main;
				INFOPLIST_KEY_UISupportedInterfaceOrientations_iPad = "UIInterfaceOrientationPortrait UIInterfaceOrientationPortraitUpsideDown UIInterfaceOrientationLandscapeLeft UIInterfaceOrientationLandscapeRight";
				INFOPLIST_KEY_UISupportedInterfaceOrientations_iPhone = "UIInterfaceOrientationPortrait UIInterfaceOrientationLandscapeLeft UIInterfaceOrientationLandscapeRight";
				LD_RUNPATH_SEARCH_PATHS = (
					"$(inherited)",
					"@executable_path/Frameworks",
				);
				MARKETING_VERSION = 1.0;
				PRODUCT_BUNDLE_IDENTIFIER = dilara.Instagram;
				PRODUCT_NAME = "$(TARGET_NAME)";
				SWIFT_EMIT_LOC_STRINGS = YES;
				SWIFT_VERSION = 5.0;
				TARGETED_DEVICE_FAMILY = "1,2";
			};
			name = Release;
		};
/* End XCBuildConfiguration section */

/* Begin XCConfigurationList section */
		A58DFD6A2996DACF0091FA0B /* Build configuration list for PBXProject "Instagram" */ = {
			isa = XCConfigurationList;
			buildConfigurations = (
				A58DFD812996DAD00091FA0B /* Debug */,
				A58DFD822996DAD00091FA0B /* Release */,
			);
			defaultConfigurationIsVisible = 0;
			defaultConfigurationName = Release;
		};
		A58DFD832996DAD00091FA0B /* Build configuration list for PBXNativeTarget "Instagram" */ = {
			isa = XCConfigurationList;
			buildConfigurations = (
				A58DFD842996DAD00091FA0B /* Debug */,
				A58DFD852996DAD00091FA0B /* Release */,
			);
			defaultConfigurationIsVisible = 0;
			defaultConfigurationName = Release;
		};
/* End XCConfigurationList section */
	};
	rootObject = A58DFD672996DACF0091FA0B /* Project object */;
}
